
Microsoft Visual Studio Solution File, Format Version 12.00
# Visual Studio Version 17
VisualStudioVersion = 17.13.35723.152 d17.13
MinimumVisualStudioVersion = 10.0.40219.1
Project("{FAE04EC0-301F-11D3-BF4B-00C04F79EFBC}") = "First_Hardware_Application", "First_Hardware_Application\First_Hardware_Application.csproj", "{EDE381BC-AF58-493A-817E-B016E5449C61}"
EndProject
Global
	GlobalSection(SolutionConfigurationPlatforms) = preSolution
		Debug|Any CPU = Debug|Any CPU
		Release|Any CPU = Release|Any CPU
	EndGlobalSection
	GlobalSection(ProjectConfigurationPlatforms) = postSolution
		{EDE381BC-AF58-493A-817E-B016E5449C61}.Debug|Any CPU.ActiveCfg = Debug|Any CPU
		{EDE381BC-AF58-493A-817E-B016E5449C61}.Debug|Any CPU.Build.0 = Debug|Any CPU
		{EDE381BC-AF58-493A-817E-B016E5449C61}.Release|Any CPU.ActiveCfg = Release|Any CPU
		{EDE381BC-AF58-493A-817E-B016E5449C61}.Release|Any CPU.Build.0 = Release|Any CPU
	EndGlobalSection
	GlobalSection(SolutionProperties) = preSolution
		HideSolutionNode = FALSE
	EndGlobalSection
	GlobalSection(ExtensibilityGlobals) = postSolution
		SolutionGuid = {6A7011C7-850F-414D-B38A-F8DADBAC0D7E}
	EndGlobalSection
EndGlobal
